
Microsoft Visual Studio Solution File, Format Version 12.00
# Visual Studio Version 17
VisualStudioVersion = 17.5.002.0
MinimumVisualStudioVersion = 10.0.40219.1
Project("{9A19103F-16F7-4668-BE54-9A1E7A4F7556}") = "Hotell", "Hotell.csproj", "{27879BEC-A222-4BC7-A883-C25BADBBE7EE}"
EndProject
Global
	GlobalSection(SolutionConfigurationPlatforms) = preSolution
		Debug|Any CPU = Debug|Any CPU
		Release|Any CPU = Release|Any CPU
	EndGlobalSection
	GlobalSection(ProjectConfigurationPlatforms) = postSolution
		{27879BEC-A222-4BC7-A883-C25BADBBE7EE}.Debug|Any CPU.ActiveCfg = Debug|Any CPU
		{27879BEC-A222-4BC7-A883-C25BADBBE7EE}.Debug|Any CPU.Build.0 = Debug|Any CPU
		{27879BEC-A222-4BC7-A883-C25BADBBE7EE}.Release|Any CPU.ActiveCfg = Release|Any CPU
		{27879BEC-A222-4BC7-A883-C25BADBBE7EE}.Release|Any CPU.Build.0 = Release|Any CPU
	EndGlobalSection
	GlobalSection(SolutionProperties) = preSolution
		HideSolutionNode = FALSE
	EndGlobalSection
	GlobalSection(ExtensibilityGlobals) = postSolution
		SolutionGuid = {B2E6DE3C-67AE-40FF-94FC-89E4ECB0CE16}
	EndGlobalSection
EndGlobal
